
Microsoft Visual Studio Solution File, Format Version 12.00
# Visual Studio 14
VisualStudioVersion = 14.0.23107.0
MinimumVisualStudioVersion = 10.0.40219.1
Project("{FAE04EC0-301F-11D3-BF4B-00C04F79EFBC}") = "Grp2Static", "Grp2Static\Grp2Static.csproj", "{0DFACE9E-B156-4211-ADC0-0C1AD157FDFB}"
EndProject
Global
	GlobalSection(SolutionConfigurationPlatforms) = preSolution
		Debug|Any CPU = Debug|Any CPU
		Release|Any CPU = Release|Any CPU
	EndGlobalSection
	GlobalSection(ProjectConfigurationPlatforms) = postSolution
		{0DFACE9E-B156-4211-ADC0-0C1AD157FDFB}.Debug|Any CPU.ActiveCfg = Debug|Any CPU
		{0DFACE9E-B156-4211-ADC0-0C1AD157FDFB}.Debug|Any CPU.Build.0 = Debug|Any CPU
		{0DFACE9E-B156-4211-ADC0-0C1AD157FDFB}.Release|Any CPU.ActiveCfg = Release|Any CPU
		{0DFACE9E-B156-4211-ADC0-0C1AD157FDFB}.Release|Any CPU.Build.0 = Release|Any CPU
	EndGlobalSection
	GlobalSection(SolutionProperties) = preSolution
		HideSolutionNode = FALSE
	EndGlobalSection
EndGlobal
