
Microsoft Visual Studio Solution File, Format Version 12.00
# Visual Studio 2015
Project("{FAE04EC0-301F-11D3-BF4B-00C04F79EFBC}") = "BombermanGrp2.CSharp", "BombermanGrp2.CSharp.csproj", "{4696AEC2-76B9-4565-7500-2D1535F4C4CA}"
EndProject
Global
	GlobalSection(SolutionConfigurationPlatforms) = preSolution
		Debug|Any CPU = Debug|Any CPU
		Release|Any CPU = Release|Any CPU
	EndGlobalSection
	GlobalSection(ProjectConfigurationPlatforms) = postSolution
		{4696AEC2-76B9-4565-7500-2D1535F4C4CA}.Debug|Any CPU.ActiveCfg = Debug|Any CPU
		{4696AEC2-76B9-4565-7500-2D1535F4C4CA}.Debug|Any CPU.Build.0 = Debug|Any CPU
		{4696AEC2-76B9-4565-7500-2D1535F4C4CA}.Release|Any CPU.ActiveCfg = Release|Any CPU
		{4696AEC2-76B9-4565-7500-2D1535F4C4CA}.Release|Any CPU.Build.0 = Release|Any CPU
	EndGlobalSection
	GlobalSection(SolutionProperties) = preSolution
		HideSolutionNode = FALSE
	EndGlobalSection
EndGlobal
